
Microsoft Visual Studio Solution File, Format Version 12.00
# Visual Studio 15
VisualStudioVersion = 15.0.28307.902
MinimumVisualStudioVersion = 10.0.40219.1
Project("{FAE04EC0-301F-11D3-BF4B-00C04F79EFBC}") = "ZhangJR.EPPlus", "ZhangJR.EPPlus\ZhangJR.EPPlus.csproj", "{51BD9DEF-33ED-4F65-A98E-62DC7AACBEEF}"
EndProject
Global
	GlobalSection(SolutionConfigurationPlatforms) = preSolution
		Debug|Any CPU = Debug|Any CPU
		Release|Any CPU = Release|Any CPU
	EndGlobalSection
	GlobalSection(ProjectConfigurationPlatforms) = postSolution
		{51BD9DEF-33ED-4F65-A98E-62DC7AACBEEF}.Debug|Any CPU.ActiveCfg = Debug|Any CPU
		{51BD9DEF-33ED-4F65-A98E-62DC7AACBEEF}.Debug|Any CPU.Build.0 = Debug|Any CPU
		{51BD9DEF-33ED-4F65-A98E-62DC7AACBEEF}.Release|Any CPU.ActiveCfg = Release|Any CPU
		{51BD9DEF-33ED-4F65-A98E-62DC7AACBEEF}.Release|Any CPU.Build.0 = Release|Any CPU
	EndGlobalSection
	GlobalSection(SolutionProperties) = preSolution
		HideSolutionNode = FALSE
	EndGlobalSection
	GlobalSection(ExtensibilityGlobals) = postSolution
		SolutionGuid = {46EB650E-F801-4A9B-873A-1F5FCA12A97B}
	EndGlobalSection
EndGlobal
